
Microsoft Visual Studio Solution File, Format Version 12.00
# Visual Studio Version 16
VisualStudioVersion = 16.0.30114.105
MinimumVisualStudioVersion = 10.0.40219.1
Project("{FAE04EC0-301F-11D3-BF4B-00C04F79EFBC}") = "Bank", "Bank\Bank.csproj", "{EECB9563-6BB6-49E9-9D19-6BFA79DC6496}"
EndProject
Global
	GlobalSection(SolutionConfigurationPlatforms) = preSolution
		Debug|Any CPU = Debug|Any CPU
		Release|Any CPU = Release|Any CPU
	EndGlobalSection
	GlobalSection(ProjectConfigurationPlatforms) = postSolution
		{EECB9563-6BB6-49E9-9D19-6BFA79DC6496}.Debug|Any CPU.ActiveCfg = Debug|Any CPU
		{EECB9563-6BB6-49E9-9D19-6BFA79DC6496}.Debug|Any CPU.Build.0 = Debug|Any CPU
		{EECB9563-6BB6-49E9-9D19-6BFA79DC6496}.Release|Any CPU.ActiveCfg = Release|Any CPU
		{EECB9563-6BB6-49E9-9D19-6BFA79DC6496}.Release|Any CPU.Build.0 = Release|Any CPU
	EndGlobalSection
	GlobalSection(SolutionProperties) = preSolution
		HideSolutionNode = FALSE
	EndGlobalSection
	GlobalSection(ExtensibilityGlobals) = postSolution
		SolutionGuid = {08CB52F3-074C-46E2-B102-C40DF8484D3C}
	EndGlobalSection
EndGlobal
